// !$*UTF8*$!
{
	archiveVersion = 1;
	classes = {
	};
	objectVersion = 50;
	objects = {

/* Begin PBXBuildFile section */
		317BB61CE4FF84C9F23F0830 /* Pods_ToDo.framework in Frameworks */ = {isa = PBXBuildFile; fileRef = 45B3F1E9087E993D6F0F8EBB /* Pods_ToDo.framework */; };
		6A828B9A22C8E0CF0072E943 /* AppDelegate.swift in Sources */ = {isa = PBXBuildFile; fileRef = 6A828B9922C8E0CF0072E943 /* AppDelegate.swift */; };
		6A828B9C22C8E0CF0072E943 /* ViewController.swift in Sources */ = {isa = PBXBuildFile; fileRef = 6A828B9B22C8E0CF0072E943 /* ViewController.swift */; };
		6A828B9F22C8E0CF0072E943 /* Main.storyboard in Resources */ = {isa = PBXBuildFile; fileRef = 6A828B9D22C8E0CF0072E943 /* Main.storyboard */; };
		6A828BA122C8E0D10072E943 /* Assets.xcassets in Resources */ = {isa = PBXBuildFile; fileRef = 6A828BA022C8E0D10072E943 /* Assets.xcassets */; };
		6A828BA422C8E0D10072E943 /* LaunchScreen.storyboard in Resources */ = {isa = PBXBuildFile; fileRef = 6A828BA222C8E0D10072E943 /* LaunchScreen.storyboard */; };
		6A828BAC22C8E8840072E943 /* ToDoTableViewCell.swift in Sources */ = {isa = PBXBuildFile; fileRef = 6A828BAB22C8E8840072E943 /* ToDoTableViewCell.swift */; };
		6A828BAE22C9CD700072E943 /* AddTaskViewController.swift in Sources */ = {isa = PBXBuildFile; fileRef = 6A828BAD22C9CD700072E943 /* AddTaskViewController.swift */; };
		6A828BB022C9CE8C0072E943 /* Task.swift in Sources */ = {isa = PBXBuildFile; fileRef = 6A828BAF22C9CE8C0072E943 /* Task.swift */; };
		6A828BB222C9CEC10072E943 /* Priority.swift in Sources */ = {isa = PBXBuildFile; fileRef = 6A828BB122C9CEC10072E943 /* Priority.swift */; };
/* End PBXBuildFile section */

/* Begin PBXFileReference section */
		45B3F1E9087E993D6F0F8EBB /* Pods_ToDo.framework */ = {isa = PBXFileReference; explicitFileType = wrapper.framework; includeInIndex = 0; path = Pods_ToDo.framework; sourceTree = BUILT_PRODUCTS_DIR; };
		6A828B9622C8E0CF0072E943 /* ToDo.app */ = {isa = PBXFileReference; explicitFileType = wrapper.application; includeInIndex = 0; path = ToDo.app; sourceTree = BUILT_PRODUCTS_DIR; };
		6A828B9922C8E0CF0072E943 /* AppDelegate.swift */ = {isa = PBXFileReference; lastKnownFileType = sourcecode.swift; path = AppDelegate.swift; sourceTree = "<group>"; };
		6A828B9B22C8E0CF0072E943 /* ViewController.swift */ = {isa = PBXFileReference; lastKnownFileType = sourcecode.swift; path = ViewController.swift; sourceTree = "<group>"; };
		6A828B9E22C8E0CF0072E943 /* Base */ = {isa = PBXFileReference; lastKnownFileType = file.storyboard; name = Base; path = Base.lproj/Main.storyboard; sourceTree = "<group>"; };
		6A828BA022C8E0D10072E943 /* Assets.xcassets */ = {isa = PBXFileReference; lastKnownFileType = folder.assetcatalog; path = Assets.xcassets; sourceTree = "<group>"; };
		6A828BA322C8E0D10072E943 /* Base */ = {isa = PBXFileReference; lastKnownFileType = file.storyboard; name = Base; path = Base.lproj/LaunchScreen.storyboard; sourceTree = "<group>"; };
		6A828BA522C8E0D10072E943 /* Info.plist */ = {isa = PBXFileReference; lastKnownFileType = text.plist.xml; path = Info.plist; sourceTree = "<group>"; };
		6A828BAB22C8E8840072E943 /* ToDoTableViewCell.swift */ = {isa = PBXFileReference; lastKnownFileType = sourcecode.swift; path = ToDoTableViewCell.swift; sourceTree = "<group>"; };
		6A828BAD22C9CD700072E943 /* AddTaskViewController.swift */ = {isa = PBXFileReference; lastKnownFileType = sourcecode.swift; path = AddTaskViewController.swift; sourceTree = "<group>"; };
		6A828BAF22C9CE8C0072E943 /* Task.swift */ = {isa = PBXFileReference; lastKnownFileType = sourcecode.swift; path = Task.swift; sourceTree = "<group>"; };
		6A828BB122C9CEC10072E943 /* Priority.swift */ = {isa = PBXFileReference; lastKnownFileType = sourcecode.swift; path = Priority.swift; sourceTree = "<group>"; };
		F3216D78440BB555140C52CD /* Pods-ToDo.debug.xcconfig */ = {isa = PBXFileReference; includeInIndex = 1; lastKnownFileType = text.xcconfig; name = "Pods-ToDo.debug.xcconfig"; path = "Target Support Files/Pods-ToDo/Pods-ToDo.debug.xcconfig"; sourceTree = "<group>"; };
		F63664D2EC049D06F1047401 /* Pods-ToDo.release.xcconfig */ = {isa = PBXFileReference; includeInIndex = 1; lastKnownFileType = text.xcconfig; name = "Pods-ToDo.release.xcconfig"; path = "Target Support Files/Pods-ToDo/Pods-ToDo.release.xcconfig"; sourceTree = "<group>"; };
/* End PBXFileReference section */

/* Begin PBXFrameworksBuildPhase section */
		6A828B9322C8E0CF0072E943 /* Frameworks */ = {
			isa = PBXFrameworksBuildPhase;
			buildActionMask = 2147483647;
			files = (
				317BB61CE4FF84C9F23F0830 /* Pods_ToDo.framework in Frameworks */,
			);
			runOnlyForDeploymentPostprocessing = 0;
		};
/* End PBXFrameworksBuildPhase section */

/* Begin PBXGroup section */
		6A828B8D22C8E0CF0072E943 = {
			isa = PBXGroup;
			children = (
				6A828B9822C8E0CF0072E943 /* ToDo */,
				6A828B9722C8E0CF0072E943 /* Products */,
				6E0715E584C3A9800D07B00D /* Pods */,
				7BAE626DCDAB54440C0A147A /* Frameworks */,
			);
			sourceTree = "<group>";
		};
		6A828B9722C8E0CF0072E943 /* Products */ = {
			isa = PBXGroup;
			children = (
				6A828B9622C8E0CF0072E943 /* ToDo.app */,
			);
			name = Products;
			sourceTree = "<group>";
		};
		6A828B9822C8E0CF0072E943 /* ToDo */ = {
			isa = PBXGroup;
			children = (
				6A828BB522C9E23C0072E943 /* View */,
				6A828BB422C9E2390072E943 /* Model */,
				6A828BB322C9E20F0072E943 /* Controller */,
				6A828B9922C8E0CF0072E943 /* AppDelegate.swift */,
				6A828BA022C8E0D10072E943 /* Assets.xcassets */,
				6A828BA222C8E0D10072E943 /* LaunchScreen.storyboard */,
				6A828BA522C8E0D10072E943 /* Info.plist */,
			);
			path = ToDo;
			sourceTree = "<group>";
		};
		6A828BB322C9E20F0072E943 /* Controller */ = {
			isa = PBXGroup;
			children = (
				6A828B9B22C8E0CF0072E943 /* ViewController.swift */,
				6A828BAD22C9CD700072E943 /* AddTaskViewController.swift */,
			);
			path = Controller;
			sourceTree = "<group>";
		};
		6A828BB422C9E2390072E943 /* Model */ = {
			isa = PBXGroup;
			children = (
				6A828BAF22C9CE8C0072E943 /* Task.swift */,
				6A828BB122C9CEC10072E943 /* Priority.swift */,
			);
			path = Model;
			sourceTree = "<group>";
		};
		6A828BB522C9E23C0072E943 /* View */ = {
			isa = PBXGroup;
			children = (
				6A828B9D22C8E0CF0072E943 /* Main.storyboard */,
				6A828BAB22C8E8840072E943 /* ToDoTableViewCell.swift */,
			);
			path = View;
			sourceTree = "<group>";
		};
		6E0715E584C3A9800D07B00D /* Pods */ = {
			isa = PBXGroup;
			children = (
				F3216D78440BB555140C52CD /* Pods-ToDo.debug.xcconfig */,
				F63664D2EC049D06F1047401 /* Pods-ToDo.release.xcconfig */,
			);
			path = Pods;
			sourceTree = "<group>";
		};
		7BAE626DCDAB54440C0A147A /* Frameworks */ = {
			isa = PBXGroup;
			children = (
				45B3F1E9087E993D6F0F8EBB /* Pods_ToDo.framework */,
			);
			name = Frameworks;
			sourceTree = "<group>";
		};
/* End PBXGroup section */

/* Begin PBXNativeTarget section */
		6A828B9522C8E0CF0072E943 /* ToDo */ = {
			isa = PBXNativeTarget;
			buildConfigurationList = 6A828BA822C8E0D10072E943 /* Build configuration list for PBXNativeTarget "ToDo" */;
			buildPhases = (
				3275D9EF19C1A74872C294D0 /* [CP] Check Pods Manifest.lock */,
				6A828B9222C8E0CF0072E943 /* Sources */,
				6A828B9322C8E0CF0072E943 /* Frameworks */,
				6A828B9422C8E0CF0072E943 /* Resources */,
				8CF84FEA2F7CDF0C52DF152B /* [CP] Embed Pods Frameworks */,
			);
			buildRules = (
			);
			dependencies = (
			);
			name = ToDo;
			productName = ToDo;
			productReference = 6A828B9622C8E0CF0072E943 /* ToDo.app */;
			productType = "com.apple.product-type.application";
		};
/* End PBXNativeTarget section */

/* Begin PBXProject section */
		6A828B8E22C8E0CF0072E943 /* Project object */ = {
			isa = PBXProject;
			attributes = {
				LastSwiftUpdateCheck = 1020;
				LastUpgradeCheck = 1020;
				ORGANIZATIONNAME = "hyeri kim";
				TargetAttributes = {
					6A828B9522C8E0CF0072E943 = {
						CreatedOnToolsVersion = 10.2.1;
					};
				};
			};
			buildConfigurationList = 6A828B9122C8E0CF0072E943 /* Build configuration list for PBXProject "ToDo" */;
			compatibilityVersion = "Xcode 9.3";
			developmentRegion = en;
			hasScannedForEncodings = 0;
			knownRegions = (
				en,
				Base,
			);
			mainGroup = 6A828B8D22C8E0CF0072E943;
			productRefGroup = 6A828B9722C8E0CF0072E943 /* Products */;
			projectDirPath = "";
			projectRoot = "";
			targets = (
				6A828B9522C8E0CF0072E943 /* ToDo */,
			);
		};
/* End PBXProject section */

/* Begin PBXResourcesBuildPhase section */
		6A828B9422C8E0CF0072E943 /* Resources */ = {
			isa = PBXResourcesBuildPhase;
			buildActionMask = 2147483647;
			files = (
				6A828BA422C8E0D10072E943 /* LaunchScreen.storyboard in Resources */,
				6A828BA122C8E0D10072E943 /* Assets.xcassets in Resources */,
				6A828B9F22C8E0CF0072E943 /* Main.storyboard in Resources */,
			);
			runOnlyForDeploymentPostprocessing = 0;
		};
/* End PBXResourcesBuildPhase section */

/* Begin PBXShellScriptBuildPhase section */
		3275D9EF19C1A74872C294D0 /* [CP] Check Pods Manifest.lock */ = {
			isa = PBXShellScriptBuildPhase;
			buildActionMask = 2147483647;
			files = (
			);
			inputFileListPaths = (
			);
			inputPaths = (
				"${PODS_PODFILE_DIR_PATH}/Podfile.lock",
				"${PODS_ROOT}/Manifest.lock",
			);
			name = "[CP] Check Pods Manifest.lock";
			outputFileListPaths = (
			);
			outputPaths = (
				"$(DERIVED_FILE_DIR)/Pods-ToDo-checkManifestLockResult.txt",
			);
			runOnlyForDeploymentPostprocessing = 0;
			shellPath = /bin/sh;
			shellScript = "diff \"${PODS_PODFILE_DIR_PATH}/Podfile.lock\" \"${PODS_ROOT}/Manifest.lock\" > /dev/null\nif [ $? != 0 ] ; then\n    # print error to STDERR\n    echo \"error: The sandbox is not in sync with the Podfile.lock. Run 'pod install' or update your CocoaPods installation.\" >&2\n    exit 1\nfi\n# This output is used by Xcode 'outputs' to avoid re-running this script phase.\necho \"SUCCESS\" > \"${SCRIPT_OUTPUT_FILE_0}\"\n";
			showEnvVarsInLog = 0;
		};
		8CF84FEA2F7CDF0C52DF152B /* [CP] Embed Pods Frameworks */ = {
			isa = PBXShellScriptBuildPhase;
			buildActionMask = 2147483647;
			files = (
			);
			inputFileListPaths = (
			);
			inputPaths = (
				"${PODS_ROOT}/Target Support Files/Pods-ToDo/Pods-ToDo-frameworks.sh",
				"${BUILT_PRODUCTS_DIR}/RxCocoa/RxCocoa.framework",
				"${BUILT_PRODUCTS_DIR}/RxSwift/RxSwift.framework",
			);
			name = "[CP] Embed Pods Frameworks";
			outputFileListPaths = (
			);
			outputPaths = (
				"${TARGET_BUILD_DIR}/${FRAMEWORKS_FOLDER_PATH}/RxCocoa.framework",
				"${TARGET_BUILD_DIR}/${FRAMEWORKS_FOLDER_PATH}/RxSwift.framework",
			);
			runOnlyForDeploymentPostprocessing = 0;
			shellPath = /bin/sh;
			shellScript = "\"${PODS_ROOT}/Target Support Files/Pods-ToDo/Pods-ToDo-frameworks.sh\"\n";
			showEnvVarsInLog = 0;
		};
/* End PBXShellScriptBuildPhase section */

/* Begin PBXSourcesBuildPhase section */
		6A828B9222C8E0CF0072E943 /* Sources */ = {
			isa = PBXSourcesBuildPhase;
			buildActionMask = 2147483647;
			files = (
				6A828BAC22C8E8840072E943 /* ToDoTableViewCell.swift in Sources */,
				6A828BAE22C9CD700072E943 /* AddTaskViewController.swift in Sources */,
				6A828BB022C9CE8C0072E943 /* Task.swift in Sources */,
				6A828B9C22C8E0CF0072E943 /* ViewController.swift in Sources */,
				6A828B9A22C8E0CF0072E943 /* AppDelegate.swift in Sources */,
				6A828BB222C9CEC10072E943 /* Priority.swift in Sources */,
			);
			runOnlyForDeploymentPostprocessing = 0;
		};
/* End PBXSourcesBuildPhase section */

/* Begin PBXVariantGroup section */
		6A828B9D22C8E0CF0072E943 /* Main.storyboard */ = {
			isa = PBXVariantGroup;
			children = (
				6A828B9E22C8E0CF0072E943 /* Base */,
			);
			name = Main.storyboard;
			sourceTree = "<group>";
		};
		6A828BA222C8E0D10072E943 /* LaunchScreen.storyboard */ = {
			isa = PBXVariantGroup;
			children = (
				6A828BA322C8E0D10072E943 /* Base */,
			);
			name = LaunchScreen.storyboard;
			sourceTree = "<group>";
		};
/* End PBXVariantGroup section */

/* Begin XCBuildConfiguration section */
		6A828BA622C8E0D10072E943 /* Debug */ = {
			isa = XCBuildConfiguration;
			buildSettings = {
				ALWAYS_SEARCH_USER_PATHS = NO;
				CLANG_ANALYZER_NONNULL = YES;
				CLANG_ANALYZER_NUMBER_OBJECT_CONVERSION = YES_AGGRESSIVE;
				CLANG_CXX_LANGUAGE_STANDARD = "gnu++14";
				CLANG_CXX_LIBRARY = "libc++";
				CLANG_ENABLE_MODULES = YES;
				CLANG_ENABLE_OBJC_ARC = YES;
				CLANG_ENABLE_OBJC_WEAK = YES;
				CLANG_WARN_BLOCK_CAPTURE_AUTORELEASING = YES;
				CLANG_WARN_BOOL_CONVERSION = YES;
				CLANG_WARN_COMMA = YES;
				CLANG_WARN_CONSTANT_CONVERSION = YES;
				CLANG_WARN_DEPRECATED_OBJC_IMPLEMENTATIONS = YES;
				CLANG_WARN_DIRECT_OBJC_ISA_USAGE = YES_ERROR;
				CLANG_WARN_DOCUMENTATION_COMMENTS = YES;
				CLANG_WARN_EMPTY_BODY = YES;
				CLANG_WARN_ENUM_CONVERSION = YES;
				CLANG_WARN_INFINITE_RECURSION = YES;
				CLANG_WARN_INT_CONVERSION = YES;
				CLANG_WARN_NON_LITERAL_NULL_CONVERSION = YES;
				CLANG_WARN_OBJC_IMPLICIT_RETAIN_SELF = YES;
				CLANG_WARN_OBJC_LITERAL_CONVERSION = YES;
				CLANG_WARN_OBJC_ROOT_CLASS = YES_ERROR;
				CLANG_WARN_RANGE_LOOP_ANALYSIS = YES;
				CLANG_WARN_STRICT_PROTOTYPES = YES;
				CLANG_WARN_SUSPICIOUS_MOVE = YES;
				CLANG_WARN_UNGUARDED_AVAILABILITY = YES_AGGRESSIVE;
				CLANG_WARN_UNREACHABLE_CODE = YES;
				CLANG_WARN__DUPLICATE_METHOD_MATCH = YES;
				CODE_SIGN_IDENTITY = "iPhone Developer";
				COPY_PHASE_STRIP = NO;
				DEBUG_INFORMATION_FORMAT = dwarf;
				ENABLE_STRICT_OBJC_MSGSEND = YES;
				ENABLE_TESTABILITY = YES;
				GCC_C_LANGUAGE_STANDARD = gnu11;
				GCC_DYNAMIC_NO_PIC = NO;
				GCC_NO_COMMON_BLOCKS = YES;
				GCC_OPTIMIZATION_LEVEL = 0;
				GCC_PREPROCESSOR_DEFINITIONS = (
					"DEBUG=1",
					"$(inherited)",
				);
				GCC_WARN_64_TO_32_BIT_CONVERSION = YES;
				GCC_WARN_ABOUT_RETURN_TYPE = YES_ERROR;
				GCC_WARN_UNDECLARED_SELECTOR = YES;
				GCC_WARN_UNINITIALIZED_AUTOS = YES_AGGRESSIVE;
				GCC_WARN_UNUSED_FUNCTION = YES;
				GCC_WARN_UNUSED_VARIABLE = YES;
				IPHONEOS_DEPLOYMENT_TARGET = 12.2;
				MTL_ENABLE_DEBUG_INFO = INCLUDE_SOURCE;
				MTL_FAST_MATH = YES;
				ONLY_ACTIVE_ARCH = YES;
				SDKROOT = iphoneos;
				SWIFT_ACTIVE_COMPILATION_CONDITIONS = DEBUG;
				SWIFT_OPTIMIZATION_LEVEL = "-Onone";
			};
			name = Debug;
		};
		6A828BA722C8E0D10072E943 /* Release */ = {
			isa = XCBuildConfiguration;
			buildSettings = {
				ALWAYS_SEARCH_USER_PATHS = NO;
				CLANG_ANALYZER_NONNULL = YES;
				CLANG_ANALYZER_NUMBER_OBJECT_CONVERSION = YES_AGGRESSIVE;
				CLANG_CXX_LANGUAGE_STANDARD = "gnu++14";
				CLANG_CXX_LIBRARY = "libc++";
				CLANG_ENABLE_MODULES = YES;
				CLANG_ENABLE_OBJC_ARC = YES;
				CLANG_ENABLE_OBJC_WEAK = YES;
				CLANG_WARN_BLOCK_CAPTURE_AUTORELEASING = YES;
				CLANG_WARN_BOOL_CONVERSION = YES;
				CLANG_WARN_COMMA = YES;
				CLANG_WARN_CONSTANT_CONVERSION = YES;
				CLANG_WARN_DEPRECATED_OBJC_IMPLEMENTATIONS = YES;
				CLANG_WARN_DIRECT_OBJC_ISA_USAGE = YES_ERROR;
				CLANG_WARN_DOCUMENTATION_COMMENTS = YES;
				CLANG_WARN_EMPTY_BODY = YES;
				CLANG_WARN_ENUM_CONVERSION = YES;
				CLANG_WARN_INFINITE_RECURSION = YES;
				CLANG_WARN_INT_CONVERSION = YES;
				CLANG_WARN_NON_LITERAL_NULL_CONVERSION = YES;
				CLANG_WARN_OBJC_IMPLICIT_RETAIN_SELF = YES;
				CLANG_WARN_OBJC_LITERAL_CONVERSION = YES;
				CLANG_WARN_OBJC_ROOT_CLASS = YES_ERROR;
				CLANG_WARN_RANGE_LOOP_ANALYSIS = YES;
				CLANG_WARN_STRICT_PROTOTYPES = YES;
				CLANG_WARN_SUSPICIOUS_MOVE = YES;
				CLANG_WARN_UNGUARDED_AVAILABILITY = YES_AGGRESSIVE;
				CLANG_WARN_UNREACHABLE_CODE = YES;
				CLANG_WARN__DUPLICATE_METHOD_MATCH = YES;
				CODE_SIGN_IDENTITY = "iPhone Developer";
				COPY_PHASE_STRIP = NO;
				DEBUG_INFORMATION_FORMAT = "dwarf-with-dsym";
				ENABLE_NS_ASSERTIONS = NO;
				ENABLE_STRICT_OBJC_MSGSEND = YES;
				GCC_C_LANGUAGE_STANDARD = gnu11;
				GCC_NO_COMMON_BLOCKS = YES;
				GCC_WARN_64_TO_32_BIT_CONVERSION = YES;
				GCC_WARN_ABOUT_RETURN_TYPE = YES_ERROR;
				GCC_WARN_UNDECLARED_SELECTOR = YES;
				GCC_WARN_UNINITIALIZED_AUTOS = YES_AGGRESSIVE;
				GCC_WARN_UNUSED_FUNCTION = YES;
				GCC_WARN_UNUSED_VARIABLE = YES;
				IPHONEOS_DEPLOYMENT_TARGET = 12.2;
				MTL_ENABLE_DEBUG_INFO = NO;
				MTL_FAST_MATH = YES;
				SDKROOT = iphoneos;
				SWIFT_COMPILATION_MODE = wholemodule;
				SWIFT_OPTIMIZATION_LEVEL = "-O";
				VALIDATE_PRODUCT = YES;
			};
			name = Release;
		};
		6A828BA922C8E0D10072E943 /* Debug */ = {
			isa = XCBuildConfiguration;
			baseConfigurationReference = F3216D78440BB555140C52CD /* Pods-ToDo.debug.xcconfig */;
			buildSettings = {
				ASSETCATALOG_COMPILER_APPICON_NAME = AppIcon;
				CODE_SIGN_STYLE = Automatic;
				DEVELOPMENT_TEAM = H92U9KV5T2;
				INFOPLIST_FILE = ToDo/Info.plist;
				IPHONEOS_DEPLOYMENT_TARGET = 12.1;
				LD_RUNPATH_SEARCH_PATHS = (
					"$(inherited)",
					"@executable_path/Frameworks",
				);
				PRODUCT_BUNDLE_IDENTIFIER = com.hyerikim.ToDo;
				PRODUCT_NAME = "$(TARGET_NAME)";
				SWIFT_VERSION = 5.0;
				TARGETED_DEVICE_FAMILY = "1,2";
			};
			name = Debug;
		};
		6A828BAA22C8E0D10072E943 /* Release */ = {
			isa = XCBuildConfiguration;
			baseConfigurationReference = F63664D2EC049D06F1047401 /* Pods-ToDo.release.xcconfig */;
			buildSettings = {
				ASSETCATALOG_COMPILER_APPICON_NAME = AppIcon;
				CODE_SIGN_STYLE = Automatic;
				DEVELOPMENT_TEAM = H92U9KV5T2;
				INFOPLIST_FILE = ToDo/Info.plist;
				IPHONEOS_DEPLOYMENT_TARGET = 12.1;
				LD_RUNPATH_SEARCH_PATHS = (
					"$(inherited)",
					"@executable_path/Frameworks",
				);
				PRODUCT_BUNDLE_IDENTIFIER = com.hyerikim.ToDo;
				PRODUCT_NAME = "$(TARGET_NAME)";
				SWIFT_VERSION = 5.0;
				TARGETED_DEVICE_FAMILY = "1,2";
			};
			name = Release;
		};
/* End XCBuildConfiguration section */

/* Begin XCConfigurationList section */
		6A828B9122C8E0CF0072E943 /* Build configuration list for PBXProject "ToDo" */ = {
			isa = XCConfigurationList;
			buildConfigurations = (
				6A828BA622C8E0D10072E943 /* Debug */,
				6A828BA722C8E0D10072E943 /* Release */,
			);
			defaultConfigurationIsVisible = 0;
			defaultConfigurationName = Release;
		};
		6A828BA822C8E0D10072E943 /* Build configuration list for PBXNativeTarget "ToDo" */ = {
			isa = XCConfigurationList;
			buildConfigurations = (
				6A828BA922C8E0D10072E943 /* Debug */,
				6A828BAA22C8E0D10072E943 /* Release */,
			);
			defaultConfigurationIsVisible = 0;
			defaultConfigurationName = Release;
		};
/* End XCConfigurationList section */
	};
	rootObject = 6A828B8E22C8E0CF0072E943 /* Project object */;
}
